// !$*UTF8*$!
{
	archiveVersion = 1;
	classes = {
	};
	objectVersion = 56;
	objects = {

/* Begin PBXBuildFile section */
		7891F8082BB4353200864810 /* Tasks.xcdatamodeld in Sources */ = {isa = PBXBuildFile; fileRef = 7891F8062BB4353200864810 /* Tasks.xcdatamodeld */; };
		7891F80B2BB436BA00864810 /* CoreDataStack.h in Headers */ = {isa = PBXBuildFile; fileRef = 7891F8092BB436BA00864810 /* CoreDataStack.h */; settings = {ATTRIBUTES = (Public, ); }; };
		7891F80C2BB436BA00864810 /* CoreDataStack.m in Sources */ = {isa = PBXBuildFile; fileRef = 7891F80A2BB436BA00864810 /* CoreDataStack.m */; };
		7891F8102BB4398800864810 /* ToDoListTableViewCell.swift in Sources */ = {isa = PBXBuildFile; fileRef = 7891F80E2BB4398800864810 /* ToDoListTableViewCell.swift */; };
		7891F8112BB4398800864810 /* ToDoListTableViewCell.xib in Resources */ = {isa = PBXBuildFile; fileRef = 7891F80F2BB4398800864810 /* ToDoListTableViewCell.xib */; };
		7891F8142BB43BF400864810 /* TaskList.h in Headers */ = {isa = PBXBuildFile; fileRef = 7891F8122BB43BF400864810 /* TaskList.h */; settings = {ATTRIBUTES = (Public, ); }; };
		7891F8152BB43BF400864810 /* TaskList.m in Sources */ = {isa = PBXBuildFile; fileRef = 7891F8132BB43BF400864810 /* TaskList.m */; };
		7891F8182BB4434600864810 /* CoreData.framework in Frameworks */ = {isa = PBXBuildFile; fileRef = 7891F8172BB4434600864810 /* CoreData.framework */; };
		7891F8192BB4439A00864810 /* Tasks.xcdatamodeld in Sources */ = {isa = PBXBuildFile; fileRef = 7891F8062BB4353200864810 /* Tasks.xcdatamodeld */; };
		7891F8242BB5C0AD00864810 /* AddTaskTest.swift in Sources */ = {isa = PBXBuildFile; fileRef = 7891F8232BB5C0AD00864810 /* AddTaskTest.swift */; };
		7891F8262BB5C2B700864810 /* UpdateTaskTest.swift in Sources */ = {isa = PBXBuildFile; fileRef = 7891F8252BB5C2B700864810 /* UpdateTaskTest.swift */; };
		7891F8282BB5C36A00864810 /* DeleteTaskTest.swift in Sources */ = {isa = PBXBuildFile; fileRef = 7891F8272BB5C36A00864810 /* DeleteTaskTest.swift */; };
		78CD249D2B9FA1B0005FB330 /* AppDelegate.swift in Sources */ = {isa = PBXBuildFile; fileRef = 78CD249C2B9FA1B0005FB330 /* AppDelegate.swift */; };
		78CD249F2B9FA1B0005FB330 /* SceneDelegate.swift in Sources */ = {isa = PBXBuildFile; fileRef = 78CD249E2B9FA1B0005FB330 /* SceneDelegate.swift */; };
		78CD24A12B9FA1B0005FB330 /* ViewController.swift in Sources */ = {isa = PBXBuildFile; fileRef = 78CD24A02B9FA1B0005FB330 /* ViewController.swift */; };
		78CD24A42B9FA1B0005FB330 /* Main.storyboard in Resources */ = {isa = PBXBuildFile; fileRef = 78CD24A22B9FA1B0005FB330 /* Main.storyboard */; };
		78CD24A62B9FA1B1005FB330 /* Assets.xcassets in Resources */ = {isa = PBXBuildFile; fileRef = 78CD24A52B9FA1B1005FB330 /* Assets.xcassets */; };
		78CD24A92B9FA1B1005FB330 /* LaunchScreen.storyboard in Resources */ = {isa = PBXBuildFile; fileRef = 78CD24A72B9FA1B1005FB330 /* LaunchScreen.storyboard */; };
		78CD24B32B9FA24C005FB330 /* EditViewController.swift in Sources */ = {isa = PBXBuildFile; fileRef = 78CD24B22B9FA24C005FB330 /* EditViewController.swift */; };
		78CD24C12B9FA46B005FB330 /* ToDoListAppShared.framework in Frameworks */ = {isa = PBXBuildFile; fileRef = 78CD24B92B9FA46B005FB330 /* ToDoListAppShared.framework */; };
		78CD24C82B9FA46B005FB330 /* ToDoListAppSharedTests.m in Sources */ = {isa = PBXBuildFile; fileRef = 78CD24C72B9FA46B005FB330 /* ToDoListAppSharedTests.m */; };
		78CD24C92B9FA46B005FB330 /* ToDoListAppShared.h in Headers */ = {isa = PBXBuildFile; fileRef = 78CD24BB2B9FA46B005FB330 /* ToDoListAppShared.h */; settings = {ATTRIBUTES = (Public, ); }; };
		78CD24CC2B9FA46B005FB330 /* ToDoListAppShared.framework in Frameworks */ = {isa = PBXBuildFile; fileRef = 78CD24B92B9FA46B005FB330 /* ToDoListAppShared.framework */; };
		78CD24CD2B9FA46B005FB330 /* ToDoListAppShared.framework in Embed Frameworks */ = {isa = PBXBuildFile; fileRef = 78CD24B92B9FA46B005FB330 /* ToDoListAppShared.framework */; settings = {ATTRIBUTES = (CodeSignOnCopy, RemoveHeadersOnCopy, ); }; };
		78CD24DD2B9FA555005FB330 /* TaskOperations.h in Headers */ = {isa = PBXBuildFile; fileRef = 78CD24DB2B9FA555005FB330 /* TaskOperations.h */; settings = {ATTRIBUTES = (Public, ); }; };
		78CD24DE2B9FA555005FB330 /* TaskOperations.m in Sources */ = {isa = PBXBuildFile; fileRef = 78CD24DC2B9FA555005FB330 /* TaskOperations.m */; };
/* End PBXBuildFile section */

/* Begin PBXContainerItemProxy section */
		78CD24C22B9FA46B005FB330 /* PBXContainerItemProxy */ = {
			isa = PBXContainerItemProxy;
			containerPortal = 78CD24912B9FA1B0005FB330 /* Project object */;
			proxyType = 1;
			remoteGlobalIDString = 78CD24B82B9FA46B005FB330;
			remoteInfo = ToDoListAppShared;
		};
		78CD24C42B9FA46B005FB330 /* PBXContainerItemProxy */ = {
			isa = PBXContainerItemProxy;
			containerPortal = 78CD24912B9FA1B0005FB330 /* Project object */;
			proxyType = 1;
			remoteGlobalIDString = 78CD24982B9FA1B0005FB330;
			remoteInfo = ToDoListApp;
		};
		78CD24CA2B9FA46B005FB330 /* PBXContainerItemProxy */ = {
			isa = PBXContainerItemProxy;
			containerPortal = 78CD24912B9FA1B0005FB330 /* Project object */;
			proxyType = 1;
			remoteGlobalIDString = 78CD24B82B9FA46B005FB330;
			remoteInfo = ToDoListAppShared;
		};
/* End PBXContainerItemProxy section */

/* Begin PBXCopyFilesBuildPhase section */
		78CD24D12B9FA46B005FB330 /* Embed Frameworks */ = {
			isa = PBXCopyFilesBuildPhase;
			buildActionMask = 2147483647;
			dstPath = "";
			dstSubfolderSpec = 10;
			files = (
				78CD24CD2B9FA46B005FB330 /* ToDoListAppShared.framework in Embed Frameworks */,
			);
			name = "Embed Frameworks";
			runOnlyForDeploymentPostprocessing = 0;
		};
/* End PBXCopyFilesBuildPhase section */

/* Begin PBXFileReference section */
		7891F8072BB4353200864810 /* Tasks.xcdatamodel */ = {isa = PBXFileReference; lastKnownFileType = wrapper.xcdatamodel; path = Tasks.xcdatamodel; sourceTree = "<group>"; };
		7891F8092BB436BA00864810 /* CoreDataStack.h */ = {isa = PBXFileReference; lastKnownFileType = sourcecode.c.h; path = CoreDataStack.h; sourceTree = "<group>"; };
		7891F80A2BB436BA00864810 /* CoreDataStack.m */ = {isa = PBXFileReference; lastKnownFileType = sourcecode.c.objc; path = CoreDataStack.m; sourceTree = "<group>"; };
		7891F80E2BB4398800864810 /* ToDoListTableViewCell.swift */ = {isa = PBXFileReference; lastKnownFileType = sourcecode.swift; path = ToDoListTableViewCell.swift; sourceTree = "<group>"; };
		7891F80F2BB4398800864810 /* ToDoListTableViewCell.xib */ = {isa = PBXFileReference; lastKnownFileType = file.xib; path = ToDoListTableViewCell.xib; sourceTree = "<group>"; };
		7891F8122BB43BF400864810 /* TaskList.h */ = {isa = PBXFileReference; lastKnownFileType = sourcecode.c.h; path = TaskList.h; sourceTree = "<group>"; };
		7891F8132BB43BF400864810 /* TaskList.m */ = {isa = PBXFileReference; lastKnownFileType = sourcecode.c.objc; path = TaskList.m; sourceTree = "<group>"; };
		7891F8172BB4434600864810 /* CoreData.framework */ = {isa = PBXFileReference; lastKnownFileType = wrapper.framework; name = CoreData.framework; path = Platforms/MacOSX.platform/Developer/SDKs/MacOSX14.2.sdk/System/Library/Frameworks/CoreData.framework; sourceTree = DEVELOPER_DIR; };
		7891F8222BB5C0AD00864810 /* ToDoListAppSharedTests-Bridging-Header.h */ = {isa = PBXFileReference; lastKnownFileType = sourcecode.c.h; path = "ToDoListAppSharedTests-Bridging-Header.h"; sourceTree = "<group>"; };
		7891F8232BB5C0AD00864810 /* AddTaskTest.swift */ = {isa = PBXFileReference; lastKnownFileType = sourcecode.swift; path = AddTaskTest.swift; sourceTree = "<group>"; };
		7891F8252BB5C2B700864810 /* UpdateTaskTest.swift */ = {isa = PBXFileReference; lastKnownFileType = sourcecode.swift; path = UpdateTaskTest.swift; sourceTree = "<group>"; };
		7891F8272BB5C36A00864810 /* DeleteTaskTest.swift */ = {isa = PBXFileReference; lastKnownFileType = sourcecode.swift; path = DeleteTaskTest.swift; sourceTree = "<group>"; };
		78CD24992B9FA1B0005FB330 /* ToDoListApp.app */ = {isa = PBXFileReference; explicitFileType = wrapper.application; includeInIndex = 0; path = ToDoListApp.app; sourceTree = BUILT_PRODUCTS_DIR; };
		78CD249C2B9FA1B0005FB330 /* AppDelegate.swift */ = {isa = PBXFileReference; lastKnownFileType = sourcecode.swift; path = AppDelegate.swift; sourceTree = "<group>"; };
		78CD249E2B9FA1B0005FB330 /* SceneDelegate.swift */ = {isa = PBXFileReference; lastKnownFileType = sourcecode.swift; path = SceneDelegate.swift; sourceTree = "<group>"; };
		78CD24A02B9FA1B0005FB330 /* ViewController.swift */ = {isa = PBXFileReference; lastKnownFileType = sourcecode.swift; path = ViewController.swift; sourceTree = "<group>"; };
		78CD24A32B9FA1B0005FB330 /* Base */ = {isa = PBXFileReference; lastKnownFileType = file.storyboard; name = Base; path = Base.lproj/Main.storyboard; sourceTree = "<group>"; };
		78CD24A52B9FA1B1005FB330 /* Assets.xcassets */ = {isa = PBXFileReference; lastKnownFileType = folder.assetcatalog; path = Assets.xcassets; sourceTree = "<group>"; };
		78CD24A82B9FA1B1005FB330 /* Base */ = {isa = PBXFileReference; lastKnownFileType = file.storyboard; name = Base; path = Base.lproj/LaunchScreen.storyboard; sourceTree = "<group>"; };
		78CD24AA2B9FA1B1005FB330 /* Info.plist */ = {isa = PBXFileReference; lastKnownFileType = text.plist.xml; path = Info.plist; sourceTree = "<group>"; };
		78CD24B22B9FA24C005FB330 /* EditViewController.swift */ = {isa = PBXFileReference; lastKnownFileType = sourcecode.swift; path = EditViewController.swift; sourceTree = "<group>"; };
		78CD24B92B9FA46B005FB330 /* ToDoListAppShared.framework */ = {isa = PBXFileReference; explicitFileType = wrapper.framework; includeInIndex = 0; path = ToDoListAppShared.framework; sourceTree = BUILT_PRODUCTS_DIR; };
		78CD24BB2B9FA46B005FB330 /* ToDoListAppShared.h */ = {isa = PBXFileReference; lastKnownFileType = sourcecode.c.h; path = ToDoListAppShared.h; sourceTree = "<group>"; };
		78CD24C02B9FA46B005FB330 /* ToDoListAppSharedTests.xctest */ = {isa = PBXFileReference; explicitFileType = wrapper.cfbundle; includeInIndex = 0; path = ToDoListAppSharedTests.xctest; sourceTree = BUILT_PRODUCTS_DIR; };
		78CD24C72B9FA46B005FB330 /* ToDoListAppSharedTests.m */ = {isa = PBXFileReference; lastKnownFileType = sourcecode.c.objc; path = ToDoListAppSharedTests.m; sourceTree = "<group>"; };
		78CD24DB2B9FA555005FB330 /* TaskOperations.h */ = {isa = PBXFileReference; lastKnownFileType = sourcecode.c.h; path = TaskOperations.h; sourceTree = "<group>"; };
		78CD24DC2B9FA555005FB330 /* TaskOperations.m */ = {isa = PBXFileReference; lastKnownFileType = sourcecode.c.objc; path = TaskOperations.m; sourceTree = "<group>"; };
/* End PBXFileReference section */

/* Begin PBXFrameworksBuildPhase section */
		78CD24962B9FA1B0005FB330 /* Frameworks */ = {
			isa = PBXFrameworksBuildPhase;
			buildActionMask = 2147483647;
			files = (
				78CD24CC2B9FA46B005FB330 /* ToDoListAppShared.framework in Frameworks */,
			);
			runOnlyForDeploymentPostprocessing = 0;
		};
		78CD24B62B9FA46B005FB330 /* Frameworks */ = {
			isa = PBXFrameworksBuildPhase;
			buildActionMask = 2147483647;
			files = (
				7891F8182BB4434600864810 /* CoreData.framework in Frameworks */,
			);
			runOnlyForDeploymentPostprocessing = 0;
		};
		78CD24BD2B9FA46B005FB330 /* Frameworks */ = {
			isa = PBXFrameworksBuildPhase;
			buildActionMask = 2147483647;
			files = (
				78CD24C12B9FA46B005FB330 /* ToDoListAppShared.framework in Frameworks */,
			);
			runOnlyForDeploymentPostprocessing = 0;
		};
/* End PBXFrameworksBuildPhase section */

/* Begin PBXGroup section */
		7891F8052BB4348200864810 /* CoreDataModel */ = {
			isa = PBXGroup;
			children = (
				7891F8062BB4353200864810 /* Tasks.xcdatamodeld */,
				7891F8092BB436BA00864810 /* CoreDataStack.h */,
				7891F80A2BB436BA00864810 /* CoreDataStack.m */,
			);
			path = CoreDataModel;
			sourceTree = "<group>";
		};
		7891F80D2BB4374B00864810 /* ListCellClass */ = {
			isa = PBXGroup;
			children = (
				7891F80E2BB4398800864810 /* ToDoListTableViewCell.swift */,
				7891F80F2BB4398800864810 /* ToDoListTableViewCell.xib */,
			);
			path = ListCellClass;
			sourceTree = "<group>";
		};
		7891F8162BB4434600864810 /* Frameworks */ = {
			isa = PBXGroup;
			children = (
				7891F8172BB4434600864810 /* CoreData.framework */,
			);
			name = Frameworks;
			sourceTree = "<group>";
		};
		78CD24902B9FA1B0005FB330 = {
			isa = PBXGroup;
			children = (
				78CD249B2B9FA1B0005FB330 /* ToDoListApp */,
				78CD24BA2B9FA46B005FB330 /* ToDoListAppShared */,
				78CD24C62B9FA46B005FB330 /* ToDoListAppSharedTests */,
				78CD249A2B9FA1B0005FB330 /* Products */,
				7891F8162BB4434600864810 /* Frameworks */,
			);
			sourceTree = "<group>";
		};
		78CD249A2B9FA1B0005FB330 /* Products */ = {
			isa = PBXGroup;
			children = (
				78CD24992B9FA1B0005FB330 /* ToDoListApp.app */,
				78CD24B92B9FA46B005FB330 /* ToDoListAppShared.framework */,
				78CD24C02B9FA46B005FB330 /* ToDoListAppSharedTests.xctest */,
			);
			name = Products;
			sourceTree = "<group>";
		};
		78CD249B2B9FA1B0005FB330 /* ToDoListApp */ = {
			isa = PBXGroup;
			children = (
				7891F80D2BB4374B00864810 /* ListCellClass */,
				78CD24B12B9FA1D0005FB330 /* EditTaskScreen */,
				78CD24B02B9FA1B8005FB330 /* ToDoListMainScreen */,
				78CD249C2B9FA1B0005FB330 /* AppDelegate.swift */,
				78CD249E2B9FA1B0005FB330 /* SceneDelegate.swift */,
				78CD24A22B9FA1B0005FB330 /* Main.storyboard */,
				78CD24A52B9FA1B1005FB330 /* Assets.xcassets */,
				78CD24A72B9FA1B1005FB330 /* LaunchScreen.storyboard */,
				78CD24AA2B9FA1B1005FB330 /* Info.plist */,
			);
			path = ToDoListApp;
			sourceTree = "<group>";
		};
		78CD24B02B9FA1B8005FB330 /* ToDoListMainScreen */ = {
			isa = PBXGroup;
			children = (
				78CD24A02B9FA1B0005FB330 /* ViewController.swift */,
			);
			path = ToDoListMainScreen;
			sourceTree = "<group>";
		};
		78CD24B12B9FA1D0005FB330 /* EditTaskScreen */ = {
			isa = PBXGroup;
			children = (
				78CD24B22B9FA24C005FB330 /* EditViewController.swift */,
			);
			path = EditTaskScreen;
			sourceTree = "<group>";
		};
		78CD24BA2B9FA46B005FB330 /* ToDoListAppShared */ = {
			isa = PBXGroup;
			children = (
				7891F8052BB4348200864810 /* CoreDataModel */,
				78CD24D62B9FA49C005FB330 /* Model */,
				78CD24D52B9FA48B005FB330 /* ViewModel */,
				78CD24BB2B9FA46B005FB330 /* ToDoListAppShared.h */,
			);
			path = ToDoListAppShared;
			sourceTree = "<group>";
		};
		78CD24C62B9FA46B005FB330 /* ToDoListAppSharedTests */ = {
			isa = PBXGroup;
			children = (
				78CD24C72B9FA46B005FB330 /* ToDoListAppSharedTests.m */,
				7891F8232BB5C0AD00864810 /* AddTaskTest.swift */,
				7891F8222BB5C0AD00864810 /* ToDoListAppSharedTests-Bridging-Header.h */,
				7891F8252BB5C2B700864810 /* UpdateTaskTest.swift */,
				7891F8272BB5C36A00864810 /* DeleteTaskTest.swift */,
			);
			path = ToDoListAppSharedTests;
			sourceTree = "<group>";
		};
		78CD24D52B9FA48B005FB330 /* ViewModel */ = {
			isa = PBXGroup;
			children = (
				78CD24DB2B9FA555005FB330 /* TaskOperations.h */,
				78CD24DC2B9FA555005FB330 /* TaskOperations.m */,
			);
			path = ViewModel;
			sourceTree = "<group>";
		};
		78CD24D62B9FA49C005FB330 /* Model */ = {
			isa = PBXGroup;
			children = (
				7891F8122BB43BF400864810 /* TaskList.h */,
				7891F8132BB43BF400864810 /* TaskList.m */,
			);
			path = Model;
			sourceTree = "<group>";
		};
/* End PBXGroup section */

/* Begin PBXHeadersBuildPhase section */
		78CD24B42B9FA46B005FB330 /* Headers */ = {
			isa = PBXHeadersBuildPhase;
			buildActionMask = 2147483647;
			files = (
				78CD24C92B9FA46B005FB330 /* ToDoListAppShared.h in Headers */,
				7891F8142BB43BF400864810 /* TaskList.h in Headers */,
				7891F80B2BB436BA00864810 /* CoreDataStack.h in Headers */,
				78CD24DD2B9FA555005FB330 /* TaskOperations.h in Headers */,
			);
			runOnlyForDeploymentPostprocessing = 0;
		};
/* End PBXHeadersBuildPhase section */

/* Begin PBXNativeTarget section */
		78CD24982B9FA1B0005FB330 /* ToDoListApp */ = {
			isa = PBXNativeTarget;
			buildConfigurationList = 78CD24AD2B9FA1B1005FB330 /* Build configuration list for PBXNativeTarget "ToDoListApp" */;
			buildPhases = (
				78CD24952B9FA1B0005FB330 /* Sources */,
				78CD24962B9FA1B0005FB330 /* Frameworks */,
				78CD24972B9FA1B0005FB330 /* Resources */,
				78CD24D12B9FA46B005FB330 /* Embed Frameworks */,
			);
			buildRules = (
			);
			dependencies = (
				78CD24CB2B9FA46B005FB330 /* PBXTargetDependency */,
			);
			name = ToDoListApp;
			productName = ToDoListApp;
			productReference = 78CD24992B9FA1B0005FB330 /* ToDoListApp.app */;
			productType = "com.apple.product-type.application";
		};
		78CD24B82B9FA46B005FB330 /* ToDoListAppShared */ = {
			isa = PBXNativeTarget;
			buildConfigurationList = 78CD24CE2B9FA46B005FB330 /* Build configuration list for PBXNativeTarget "ToDoListAppShared" */;
			buildPhases = (
				78CD24B42B9FA46B005FB330 /* Headers */,
				78CD24B52B9FA46B005FB330 /* Sources */,
				78CD24B62B9FA46B005FB330 /* Frameworks */,
				78CD24B72B9FA46B005FB330 /* Resources */,
			);
			buildRules = (
			);
			dependencies = (
			);
			name = ToDoListAppShared;
			productName = ToDoListAppShared;
			productReference = 78CD24B92B9FA46B005FB330 /* ToDoListAppShared.framework */;
			productType = "com.apple.product-type.framework";
		};
		78CD24BF2B9FA46B005FB330 /* ToDoListAppSharedTests */ = {
			isa = PBXNativeTarget;
			buildConfigurationList = 78CD24D22B9FA46B005FB330 /* Build configuration list for PBXNativeTarget "ToDoListAppSharedTests" */;
			buildPhases = (
				78CD24BC2B9FA46B005FB330 /* Sources */,
				78CD24BD2B9FA46B005FB330 /* Frameworks */,
				78CD24BE2B9FA46B005FB330 /* Resources */,
			);
			buildRules = (
			);
			dependencies = (
				78CD24C32B9FA46B005FB330 /* PBXTargetDependency */,
				78CD24C52B9FA46B005FB330 /* PBXTargetDependency */,
			);
			name = ToDoListAppSharedTests;
			productName = ToDoListAppSharedTests;
			productReference = 78CD24C02B9FA46B005FB330 /* ToDoListAppSharedTests.xctest */;
			productType = "com.apple.product-type.bundle.unit-test";
		};
/* End PBXNativeTarget section */

/* Begin PBXProject section */
		78CD24912B9FA1B0005FB330 /* Project object */ = {
			isa = PBXProject;
			attributes = {
				BuildIndependentTargetsInParallel = 1;
				LastSwiftUpdateCheck = 1510;
				LastUpgradeCheck = 1510;
				TargetAttributes = {
					78CD24982B9FA1B0005FB330 = {
						CreatedOnToolsVersion = 15.1;
					};
					78CD24B82B9FA46B005FB330 = {
						CreatedOnToolsVersion = 15.1;
					};
					78CD24BF2B9FA46B005FB330 = {
						CreatedOnToolsVersion = 15.1;
						LastSwiftMigration = 1510;
						TestTargetID = 78CD24982B9FA1B0005FB330;
					};
				};
			};
			buildConfigurationList = 78CD24942B9FA1B0005FB330 /* Build configuration list for PBXProject "ToDoListApp" */;
			compatibilityVersion = "Xcode 14.0";
			developmentRegion = en;
			hasScannedForEncodings = 0;
			knownRegions = (
				en,
				Base,
			);
			mainGroup = 78CD24902B9FA1B0005FB330;
			productRefGroup = 78CD249A2B9FA1B0005FB330 /* Products */;
			projectDirPath = "";
			projectRoot = "";
			targets = (
				78CD24982B9FA1B0005FB330 /* ToDoListApp */,
				78CD24B82B9FA46B005FB330 /* ToDoListAppShared */,
				78CD24BF2B9FA46B005FB330 /* ToDoListAppSharedTests */,
			);
		};
/* End PBXProject section */

/* Begin PBXResourcesBuildPhase section */
		78CD24972B9FA1B0005FB330 /* Resources */ = {
			isa = PBXResourcesBuildPhase;
			buildActionMask = 2147483647;
			files = (
				78CD24A92B9FA1B1005FB330 /* LaunchScreen.storyboard in Resources */,
				78CD24A62B9FA1B1005FB330 /* Assets.xcassets in Resources */,
				78CD24A42B9FA1B0005FB330 /* Main.storyboard in Resources */,
				7891F8112BB4398800864810 /* ToDoListTableViewCell.xib in Resources */,
			);
			runOnlyForDeploymentPostprocessing = 0;
		};
		78CD24B72B9FA46B005FB330 /* Resources */ = {
			isa = PBXResourcesBuildPhase;
			buildActionMask = 2147483647;
			files = (
			);
			runOnlyForDeploymentPostprocessing = 0;
		};
		78CD24BE2B9FA46B005FB330 /* Resources */ = {
			isa = PBXResourcesBuildPhase;
			buildActionMask = 2147483647;
			files = (
			);
			runOnlyForDeploymentPostprocessing = 0;
		};
/* End PBXResourcesBuildPhase section */

/* Begin PBXSourcesBuildPhase section */
		78CD24952B9FA1B0005FB330 /* Sources */ = {
			isa = PBXSourcesBuildPhase;
			buildActionMask = 2147483647;
			files = (
				78CD24B32B9FA24C005FB330 /* EditViewController.swift in Sources */,
				78CD24A12B9FA1B0005FB330 /* ViewController.swift in Sources */,
				7891F8192BB4439A00864810 /* Tasks.xcdatamodeld in Sources */,
				7891F8102BB4398800864810 /* ToDoListTableViewCell.swift in Sources */,
				78CD249D2B9FA1B0005FB330 /* AppDelegate.swift in Sources */,
				78CD249F2B9FA1B0005FB330 /* SceneDelegate.swift in Sources */,
			);
			runOnlyForDeploymentPostprocessing = 0;
		};
		78CD24B52B9FA46B005FB330 /* Sources */ = {
			isa = PBXSourcesBuildPhase;
			buildActionMask = 2147483647;
			files = (
				78CD24DE2B9FA555005FB330 /* TaskOperations.m in Sources */,
				7891F8152BB43BF400864810 /* TaskList.m in Sources */,
				7891F8082BB4353200864810 /* Tasks.xcdatamodeld in Sources */,
				7891F80C2BB436BA00864810 /* CoreDataStack.m in Sources */,
			);
			runOnlyForDeploymentPostprocessing = 0;
		};
		78CD24BC2B9FA46B005FB330 /* Sources */ = {
			isa = PBXSourcesBuildPhase;
			buildActionMask = 2147483647;
			files = (
				7891F8242BB5C0AD00864810 /* AddTaskTest.swift in Sources */,
				7891F8282BB5C36A00864810 /* DeleteTaskTest.swift in Sources */,
				7891F8262BB5C2B700864810 /* UpdateTaskTest.swift in Sources */,
				78CD24C82B9FA46B005FB330 /* ToDoListAppSharedTests.m in Sources */,
			);
			runOnlyForDeploymentPostprocessing = 0;
		};
/* End PBXSourcesBuildPhase section */

/* Begin PBXTargetDependency section */
		78CD24C32B9FA46B005FB330 /* PBXTargetDependency */ = {
			isa = PBXTargetDependency;
			target = 78CD24B82B9FA46B005FB330 /* ToDoListAppShared */;
			targetProxy = 78CD24C22B9FA46B005FB330 /* PBXContainerItemProxy */;
		};
		78CD24C52B9FA46B005FB330 /* PBXTargetDependency */ = {
			isa = PBXTargetDependency;
			target = 78CD24982B9FA1B0005FB330 /* ToDoListApp */;
			targetProxy = 78CD24C42B9FA46B005FB330 /* PBXContainerItemProxy */;
		};
		78CD24CB2B9FA46B005FB330 /* PBXTargetDependency */ = {
			isa = PBXTargetDependency;
			target = 78CD24B82B9FA46B005FB330 /* ToDoListAppShared */;
			targetProxy = 78CD24CA2B9FA46B005FB330 /* PBXContainerItemProxy */;
		};
/* End PBXTargetDependency section */

/* Begin PBXVariantGroup section */
		78CD24A22B9FA1B0005FB330 /* Main.storyboard */ = {
			isa = PBXVariantGroup;
			children = (
				78CD24A32B9FA1B0005FB330 /* Base */,
			);
			name = Main.storyboard;
			sourceTree = "<group>";
		};
		78CD24A72B9FA1B1005FB330 /* LaunchScreen.storyboard */ = {
			isa = PBXVariantGroup;
			children = (
				78CD24A82B9FA1B1005FB330 /* Base */,
			);
			name = LaunchScreen.storyboard;
			sourceTree = "<group>";
		};
/* End PBXVariantGroup section */

/* Begin XCBuildConfiguration section */
		78CD24AB2B9FA1B1005FB330 /* Debug */ = {
			isa = XCBuildConfiguration;
			buildSettings = {
				ALWAYS_SEARCH_USER_PATHS = NO;
				ASSETCATALOG_COMPILER_GENERATE_SWIFT_ASSET_SYMBOL_EXTENSIONS = YES;
				CLANG_ANALYZER_NONNULL = YES;
				CLANG_ANALYZER_NUMBER_OBJECT_CONVERSION = YES_AGGRESSIVE;
				CLANG_CXX_LANGUAGE_STANDARD = "gnu++20";
				CLANG_ENABLE_MODULES = YES;
				CLANG_ENABLE_OBJC_ARC = YES;
				CLANG_ENABLE_OBJC_WEAK = YES;
				CLANG_WARN_BLOCK_CAPTURE_AUTORELEASING = YES;
				CLANG_WARN_BOOL_CONVERSION = YES;
				CLANG_WARN_COMMA = YES;
				CLANG_WARN_CONSTANT_CONVERSION = YES;
				CLANG_WARN_DEPRECATED_OBJC_IMPLEMENTATIONS = YES;
				CLANG_WARN_DIRECT_OBJC_ISA_USAGE = YES_ERROR;
				CLANG_WARN_DOCUMENTATION_COMMENTS = YES;
				CLANG_WARN_EMPTY_BODY = YES;
				CLANG_WARN_ENUM_CONVERSION = YES;
				CLANG_WARN_INFINITE_RECURSION = YES;
				CLANG_WARN_INT_CONVERSION = YES;
				CLANG_WARN_NON_LITERAL_NULL_CONVERSION = YES;
				CLANG_WARN_OBJC_IMPLICIT_RETAIN_SELF = YES;
				CLANG_WARN_OBJC_LITERAL_CONVERSION = YES;
				CLANG_WARN_OBJC_ROOT_CLASS = YES_ERROR;
				CLANG_WARN_QUOTED_INCLUDE_IN_FRAMEWORK_HEADER = YES;
				CLANG_WARN_RANGE_LOOP_ANALYSIS = YES;
				CLANG_WARN_STRICT_PROTOTYPES = YES;
				CLANG_WARN_SUSPICIOUS_MOVE = YES;
				CLANG_WARN_UNGUARDED_AVAILABILITY = YES_AGGRESSIVE;
				CLANG_WARN_UNREACHABLE_CODE = YES;
				CLANG_WARN__DUPLICATE_METHOD_MATCH = YES;
				COPY_PHASE_STRIP = NO;
				DEBUG_INFORMATION_FORMAT = dwarf;
				ENABLE_STRICT_OBJC_MSGSEND = YES;
				ENABLE_TESTABILITY = YES;
				ENABLE_USER_SCRIPT_SANDBOXING = YES;
				GCC_C_LANGUAGE_STANDARD = gnu17;
				GCC_DYNAMIC_NO_PIC = NO;
				GCC_NO_COMMON_BLOCKS = YES;
				GCC_OPTIMIZATION_LEVEL = 0;
				GCC_PREPROCESSOR_DEFINITIONS = (
					"DEBUG=1",
					"$(inherited)",
				);
				GCC_WARN_64_TO_32_BIT_CONVERSION = YES;
				GCC_WARN_ABOUT_RETURN_TYPE = YES_ERROR;
				GCC_WARN_UNDECLARED_SELECTOR = YES;
				GCC_WARN_UNINITIALIZED_AUTOS = YES_AGGRESSIVE;
				GCC_WARN_UNUSED_FUNCTION = YES;
				GCC_WARN_UNUSED_VARIABLE = YES;
				IPHONEOS_DEPLOYMENT_TARGET = 17.2;
				LOCALIZATION_PREFERS_STRING_CATALOGS = YES;
				MTL_ENABLE_DEBUG_INFO = INCLUDE_SOURCE;
				MTL_FAST_MATH = YES;
				ONLY_ACTIVE_ARCH = YES;
				SDKROOT = iphoneos;
				SWIFT_ACTIVE_COMPILATION_CONDITIONS = "DEBUG $(inherited)";
				SWIFT_OPTIMIZATION_LEVEL = "-Onone";
			};
			name = Debug;
		};
		78CD24AC2B9FA1B1005FB330 /* Release */ = {
			isa = XCBuildConfiguration;
			buildSettings = {
				ALWAYS_SEARCH_USER_PATHS = NO;
				ASSETCATALOG_COMPILER_GENERATE_SWIFT_ASSET_SYMBOL_EXTENSIONS = YES;
				CLANG_ANALYZER_NONNULL = YES;
				CLANG_ANALYZER_NUMBER_OBJECT_CONVERSION = YES_AGGRESSIVE;
				CLANG_CXX_LANGUAGE_STANDARD = "gnu++20";
				CLANG_ENABLE_MODULES = YES;
				CLANG_ENABLE_OBJC_ARC = YES;
				CLANG_ENABLE_OBJC_WEAK = YES;
				CLANG_WARN_BLOCK_CAPTURE_AUTORELEASING = YES;
				CLANG_WARN_BOOL_CONVERSION = YES;
				CLANG_WARN_COMMA = YES;
				CLANG_WARN_CONSTANT_CONVERSION = YES;
				CLANG_WARN_DEPRECATED_OBJC_IMPLEMENTATIONS = YES;
				CLANG_WARN_DIRECT_OBJC_ISA_USAGE = YES_ERROR;
				CLANG_WARN_DOCUMENTATION_COMMENTS = YES;
				CLANG_WARN_EMPTY_BODY = YES;
				CLANG_WARN_ENUM_CONVERSION = YES;
				CLANG_WARN_INFINITE_RECURSION = YES;
				CLANG_WARN_INT_CONVERSION = YES;
				CLANG_WARN_NON_LITERAL_NULL_CONVERSION = YES;
				CLANG_WARN_OBJC_IMPLICIT_RETAIN_SELF = YES;
				CLANG_WARN_OBJC_LITERAL_CONVERSION = YES;
				CLANG_WARN_OBJC_ROOT_CLASS = YES_ERROR;
				CLANG_WARN_QUOTED_INCLUDE_IN_FRAMEWORK_HEADER = YES;
				CLANG_WARN_RANGE_LOOP_ANALYSIS = YES;
				CLANG_WARN_STRICT_PROTOTYPES = YES;
				CLANG_WARN_SUSPICIOUS_MOVE = YES;
				CLANG_WARN_UNGUARDED_AVAILABILITY = YES_AGGRESSIVE;
				CLANG_WARN_UNREACHABLE_CODE = YES;
				CLANG_WARN__DUPLICATE_METHOD_MATCH = YES;
				COPY_PHASE_STRIP = NO;
				DEBUG_INFORMATION_FORMAT = "dwarf-with-dsym";
				ENABLE_NS_ASSERTIONS = NO;
				ENABLE_STRICT_OBJC_MSGSEND = YES;
				ENABLE_USER_SCRIPT_SANDBOXING = YES;
				GCC_C_LANGUAGE_STANDARD = gnu17;
				GCC_NO_COMMON_BLOCKS = YES;
				GCC_WARN_64_TO_32_BIT_CONVERSION = YES;
				GCC_WARN_ABOUT_RETURN_TYPE = YES_ERROR;
				GCC_WARN_UNDECLARED_SELECTOR = YES;
				GCC_WARN_UNINITIALIZED_AUTOS = YES_AGGRESSIVE;
				GCC_WARN_UNUSED_FUNCTION = YES;
				GCC_WARN_UNUSED_VARIABLE = YES;
				IPHONEOS_DEPLOYMENT_TARGET = 17.2;
				LOCALIZATION_PREFERS_STRING_CATALOGS = YES;
				MTL_ENABLE_DEBUG_INFO = NO;
				MTL_FAST_MATH = YES;
				SDKROOT = iphoneos;
				SWIFT_COMPILATION_MODE = wholemodule;
				VALIDATE_PRODUCT = YES;
			};
			name = Release;
		};
		78CD24AE2B9FA1B1005FB330 /* Debug */ = {
			isa = XCBuildConfiguration;
			buildSettings = {
				ASSETCATALOG_COMPILER_APPICON_NAME = AppIcon;
				ASSETCATALOG_COMPILER_GLOBAL_ACCENT_COLOR_NAME = AccentColor;
				CODE_SIGN_STYLE = Automatic;
				CURRENT_PROJECT_VERSION = 1;
				DEVELOPMENT_TEAM = ULP77TJ63A;
				GENERATE_INFOPLIST_FILE = YES;
				INFOPLIST_FILE = ToDoListApp/Info.plist;
				INFOPLIST_KEY_UIApplicationSupportsIndirectInputEvents = YES;
				INFOPLIST_KEY_UILaunchStoryboardName = LaunchScreen;
				INFOPLIST_KEY_UIMainStoryboardFile = Main;
				INFOPLIST_KEY_UISupportedInterfaceOrientations_iPad = "UIInterfaceOrientationPortrait UIInterfaceOrientationPortraitUpsideDown UIInterfaceOrientationLandscapeLeft UIInterfaceOrientationLandscapeRight";
				INFOPLIST_KEY_UISupportedInterfaceOrientations_iPhone = "UIInterfaceOrientationPortrait UIInterfaceOrientationLandscapeLeft UIInterfaceOrientationLandscapeRight";
				LD_RUNPATH_SEARCH_PATHS = (
					"$(inherited)",
					"@executable_path/Frameworks",
				);
				MARKETING_VERSION = 1.0;
				PRODUCT_BUNDLE_IDENTIFIER = Tushar.ToDoListApp;
				PRODUCT_NAME = "$(TARGET_NAME)";
				SWIFT_EMIT_LOC_STRINGS = YES;
				SWIFT_VERSION = 5.0;
				TARGETED_DEVICE_FAMILY = "1,2";
			};
			name = Debug;
		};
		78CD24AF2B9FA1B1005FB330 /* Release */ = {
			isa = XCBuildConfiguration;
			buildSettings = {
				ASSETCATALOG_COMPILER_APPICON_NAME = AppIcon;
				ASSETCATALOG_COMPILER_GLOBAL_ACCENT_COLOR_NAME = AccentColor;
				CODE_SIGN_STYLE = Automatic;
				CURRENT_PROJECT_VERSION = 1;
				DEVELOPMENT_TEAM = ULP77TJ63A;
				GENERATE_INFOPLIST_FILE = YES;
				INFOPLIST_FILE = ToDoListApp/Info.plist;
				INFOPLIST_KEY_UIApplicationSupportsIndirectInputEvents = YES;
				INFOPLIST_KEY_UILaunchStoryboardName = LaunchScreen;
				INFOPLIST_KEY_UIMainStoryboardFile = Main;
				INFOPLIST_KEY_UISupportedInterfaceOrientations_iPad = "UIInterfaceOrientationPortrait UIInterfaceOrientationPortraitUpsideDown UIInterfaceOrientationLandscapeLeft UIInterfaceOrientationLandscapeRight";
				INFOPLIST_KEY_UISupportedInterfaceOrientations_iPhone = "UIInterfaceOrientationPortrait UIInterfaceOrientationLandscapeLeft UIInterfaceOrientationLandscapeRight";
				LD_RUNPATH_SEARCH_PATHS = (
					"$(inherited)",
					"@executable_path/Frameworks",
				);
				MARKETING_VERSION = 1.0;
				PRODUCT_BUNDLE_IDENTIFIER = Tushar.ToDoListApp;
				PRODUCT_NAME = "$(TARGET_NAME)";
				SWIFT_EMIT_LOC_STRINGS = YES;
				SWIFT_VERSION = 5.0;
				TARGETED_DEVICE_FAMILY = "1,2";
			};
			name = Release;
		};
		78CD24CF2B9FA46B005FB330 /* Debug */ = {
			isa = XCBuildConfiguration;
			buildSettings = {
				CLANG_ENABLE_OBJC_ARC = NO;
				CODE_SIGN_STYLE = Automatic;
				CURRENT_PROJECT_VERSION = 1;
				DEFINES_MODULE = YES;
				DEVELOPMENT_TEAM = ULP77TJ63A;
				DYLIB_COMPATIBILITY_VERSION = 1;
				DYLIB_CURRENT_VERSION = 1;
				DYLIB_INSTALL_NAME_BASE = "@rpath";
				ENABLE_MODULE_VERIFIER = YES;
				GENERATE_INFOPLIST_FILE = YES;
				INFOPLIST_KEY_NSHumanReadableCopyright = "";
				INSTALL_PATH = "$(LOCAL_LIBRARY_DIR)/Frameworks";
				LD_RUNPATH_SEARCH_PATHS = (
					"$(inherited)",
					"@executable_path/Frameworks",
					"@loader_path/Frameworks",
				);
				MARKETING_VERSION = 1.0;
				MODULE_VERIFIER_SUPPORTED_LANGUAGES = "objective-c objective-c++";
				MODULE_VERIFIER_SUPPORTED_LANGUAGE_STANDARDS = "gnu17 gnu++20";
				PRODUCT_BUNDLE_IDENTIFIER = Tushar.ToDoListAppShared;
				PRODUCT_NAME = "$(TARGET_NAME:c99extidentifier)";
				SKIP_INSTALL = YES;
				SWIFT_EMIT_LOC_STRINGS = YES;
				TARGETED_DEVICE_FAMILY = "1,2";
				VERSIONING_SYSTEM = "apple-generic";
				VERSION_INFO_PREFIX = "";
			};
			name = Debug;
		};
		78CD24D02B9FA46B005FB330 /* Release */ = {
			isa = XCBuildConfiguration;
			buildSettings = {
				CLANG_ENABLE_OBJC_ARC = NO;
				CODE_SIGN_STYLE = Automatic;
				CURRENT_PROJECT_VERSION = 1;
				DEFINES_MODULE = YES;
				DEVELOPMENT_TEAM = ULP77TJ63A;
				DYLIB_COMPATIBILITY_VERSION = 1;
				DYLIB_CURRENT_VERSION = 1;
				DYLIB_INSTALL_NAME_BASE = "@rpath";
				ENABLE_MODULE_VERIFIER = YES;
				GENERATE_INFOPLIST_FILE = YES;
				INFOPLIST_KEY_NSHumanReadableCopyright = "";
				INSTALL_PATH = "$(LOCAL_LIBRARY_DIR)/Frameworks";
				LD_RUNPATH_SEARCH_PATHS = (
					"$(inherited)",
					"@executable_path/Frameworks",
					"@loader_path/Frameworks",
				);
				MARKETING_VERSION = 1.0;
				MODULE_VERIFIER_SUPPORTED_LANGUAGES = "objective-c objective-c++";
				MODULE_VERIFIER_SUPPORTED_LANGUAGE_STANDARDS = "gnu17 gnu++20";
				PRODUCT_BUNDLE_IDENTIFIER = Tushar.ToDoListAppShared;
				PRODUCT_NAME = "$(TARGET_NAME:c99extidentifier)";
				SKIP_INSTALL = YES;
				SWIFT_EMIT_LOC_STRINGS = YES;
				TARGETED_DEVICE_FAMILY = "1,2";
				VERSIONING_SYSTEM = "apple-generic";
				VERSION_INFO_PREFIX = "";
			};
			name = Release;
		};
		78CD24D32B9FA46B005FB330 /* Debug */ = {
			isa = XCBuildConfiguration;
			buildSettings = {
				ALWAYS_EMBED_SWIFT_STANDARD_LIBRARIES = YES;
				CLANG_ENABLE_MODULES = YES;
				CODE_SIGN_STYLE = Automatic;
				CURRENT_PROJECT_VERSION = 1;
				DEVELOPMENT_TEAM = ULP77TJ63A;
				GENERATE_INFOPLIST_FILE = YES;
				MARKETING_VERSION = 1.0;
				PRODUCT_BUNDLE_IDENTIFIER = Tushar.ToDoListAppSharedTests;
				PRODUCT_NAME = "$(TARGET_NAME)";
				SWIFT_EMIT_LOC_STRINGS = NO;
				SWIFT_OBJC_BRIDGING_HEADER = "ToDoListAppSharedTests/ToDoListAppSharedTests-Bridging-Header.h";
				SWIFT_OPTIMIZATION_LEVEL = "-Onone";
				SWIFT_VERSION = 5.0;
				TARGETED_DEVICE_FAMILY = "1,2";
				TEST_HOST = "$(BUILT_PRODUCTS_DIR)/ToDoListApp.app/$(BUNDLE_EXECUTABLE_FOLDER_PATH)/ToDoListApp";
			};
			name = Debug;
		};
		78CD24D42B9FA46B005FB330 /* Release */ = {
			isa = XCBuildConfiguration;
			buildSettings = {
				ALWAYS_EMBED_SWIFT_STANDARD_LIBRARIES = YES;
				CLANG_ENABLE_MODULES = YES;
				CODE_SIGN_STYLE = Automatic;
				CURRENT_PROJECT_VERSION = 1;
				DEVELOPMENT_TEAM = ULP77TJ63A;
				GENERATE_INFOPLIST_FILE = YES;
				MARKETING_VERSION = 1.0;
				PRODUCT_BUNDLE_IDENTIFIER = Tushar.ToDoListAppSharedTests;
				PRODUCT_NAME = "$(TARGET_NAME)";
				SWIFT_EMIT_LOC_STRINGS = NO;
				SWIFT_OBJC_BRIDGING_HEADER = "ToDoListAppSharedTests/ToDoListAppSharedTests-Bridging-Header.h";
				SWIFT_VERSION = 5.0;
				TARGETED_DEVICE_FAMILY = "1,2";
				TEST_HOST = "$(BUILT_PRODUCTS_DIR)/ToDoListApp.app/$(BUNDLE_EXECUTABLE_FOLDER_PATH)/ToDoListApp";
			};
			name = Release;
		};
/* End XCBuildConfiguration section */

/* Begin XCConfigurationList section */
		78CD24942B9FA1B0005FB330 /* Build configuration list for PBXProject "ToDoListApp" */ = {
			isa = XCConfigurationList;
			buildConfigurations = (
				78CD24AB2B9FA1B1005FB330 /* Debug */,
				78CD24AC2B9FA1B1005FB330 /* Release */,
			);
			defaultConfigurationIsVisible = 0;
			defaultConfigurationName = Release;
		};
		78CD24AD2B9FA1B1005FB330 /* Build configuration list for PBXNativeTarget "ToDoListApp" */ = {
			isa = XCConfigurationList;
			buildConfigurations = (
				78CD24AE2B9FA1B1005FB330 /* Debug */,
				78CD24AF2B9FA1B1005FB330 /* Release */,
			);
			defaultConfigurationIsVisible = 0;
			defaultConfigurationName = Release;
		};
		78CD24CE2B9FA46B005FB330 /* Build configuration list for PBXNativeTarget "ToDoListAppShared" */ = {
			isa = XCConfigurationList;
			buildConfigurations = (
				78CD24CF2B9FA46B005FB330 /* Debug */,
				78CD24D02B9FA46B005FB330 /* Release */,
			);
			defaultConfigurationIsVisible = 0;
			defaultConfigurationName = Release;
		};
		78CD24D22B9FA46B005FB330 /* Build configuration list for PBXNativeTarget "ToDoListAppSharedTests" */ = {
			isa = XCConfigurationList;
			buildConfigurations = (
				78CD24D32B9FA46B005FB330 /* Debug */,
				78CD24D42B9FA46B005FB330 /* Release */,
			);
			defaultConfigurationIsVisible = 0;
			defaultConfigurationName = Release;
		};
/* End XCConfigurationList section */

/* Begin XCVersionGroup section */
		7891F8062BB4353200864810 /* Tasks.xcdatamodeld */ = {
			isa = XCVersionGroup;
			children = (
				7891F8072BB4353200864810 /* Tasks.xcdatamodel */,
			);
			currentVersion = 7891F8072BB4353200864810 /* Tasks.xcdatamodel */;
			path = Tasks.xcdatamodeld;
			sourceTree = "<group>";
			versionGroupType = wrapper.xcdatamodel;
		};
/* End XCVersionGroup section */
	};
	rootObject = 78CD24912B9FA1B0005FB330 /* Project object */;
}
